
Microsoft Visual Studio Solution File, Format Version 12.00
# Visual Studio 15
VisualStudioVersion = 15.0.28010.2026
MinimumVisualStudioVersion = 10.0.40219.1
Project("{FAE04EC0-301F-11D3-BF4B-00C04F79EFBC}") = "AcutePediatricsOrientation", "AcutePediatricsOrientation\AcutePediatricsOrientation.csproj", "{0F5AAF14-6A0B-494A-A317-DB5A8E95D0E0}"
EndProject
Global
	GlobalSection(SolutionConfigurationPlatforms) = preSolution
		Debug|Any CPU = Debug|Any CPU
		Release|Any CPU = Release|Any CPU
	EndGlobalSection
	GlobalSection(ProjectConfigurationPlatforms) = postSolution
		{0F5AAF14-6A0B-494A-A317-DB5A8E95D0E0}.Debug|Any CPU.ActiveCfg = Debug|Any CPU
		{0F5AAF14-6A0B-494A-A317-DB5A8E95D0E0}.Debug|Any CPU.Build.0 = Debug|Any CPU
		{0F5AAF14-6A0B-494A-A317-DB5A8E95D0E0}.Release|Any CPU.ActiveCfg = Release|Any CPU
		{0F5AAF14-6A0B-494A-A317-DB5A8E95D0E0}.Release|Any CPU.Build.0 = Release|Any CPU
	EndGlobalSection
	GlobalSection(SolutionProperties) = preSolution
		HideSolutionNode = FALSE
	EndGlobalSection
	GlobalSection(ExtensibilityGlobals) = postSolution
		SolutionGuid = {256373D4-BC23-4D8D-9F16-E9492B37C31C}
	EndGlobalSection
EndGlobal
